// !$*UTF8*$!
{
	archiveVersion = 1;
	classes = {
	};
	objectVersion = 46;
	objects = {

/* Begin PBXBuildFile section */
		79154F661E413ED300D9B71A /* GameState.swift in Sources */ = {isa = PBXBuildFile; fileRef = 79154F651E413ED300D9B71A /* GameState.swift */; };
		79154F681E41431600D9B71A /* GameStateListener.swift in Sources */ = {isa = PBXBuildFile; fileRef = 79154F671E41431600D9B71A /* GameStateListener.swift */; };
		79154F6A1E41469100D9B71A /* SpawnEnemy.swift in Sources */ = {isa = PBXBuildFile; fileRef = 79154F691E41469100D9B71A /* SpawnEnemy.swift */; };
		79154F6D1E4147ED00D9B71A /* NumberOfEnemiesSpawned.swift in Sources */ = {isa = PBXBuildFile; fileRef = 79154F6C1E4147ED00D9B71A /* NumberOfEnemiesSpawned.swift */; };
		792DDE5A1E29649A00AED88E /* TestLevel.swift in Sources */ = {isa = PBXBuildFile; fileRef = 792DDE591E29649A00AED88E /* TestLevel.swift */; };
		793377D51E405BE100D4701C /* TimerEvent.swift in Sources */ = {isa = PBXBuildFile; fileRef = 793377D41E405BE100D4701C /* TimerEvent.swift */; };
		793377D81E40633200D4701C /* DisplayText.swift in Sources */ = {isa = PBXBuildFile; fileRef = 793377D71E40633200D4701C /* DisplayText.swift */; };
		7960143B1DD8EB23004640E9 /* Player.swift in Sources */ = {isa = PBXBuildFile; fileRef = 7960143A1DD8EB23004640E9 /* Player.swift */; };
		7960143D1DD8EB5A004640E9 /* GameObject.swift in Sources */ = {isa = PBXBuildFile; fileRef = 7960143C1DD8EB5A004640E9 /* GameObject.swift */; };
		7960143F1DD904B1004640E9 /* UserInteractive.swift in Sources */ = {isa = PBXBuildFile; fileRef = 7960143E1DD904B1004640E9 /* UserInteractive.swift */; };
		796014411DD90684004640E9 /* UserInteractiveGameObject.swift in Sources */ = {isa = PBXBuildFile; fileRef = 796014401DD90684004640E9 /* UserInteractiveGameObject.swift */; };
		79B605EA1E7499310090C791 /* ScreenTouchInfo.swift in Sources */ = {isa = PBXBuildFile; fileRef = 79B605E91E7499310090C791 /* ScreenTouchInfo.swift */; };
		79C4ABBA1DF0BBBE006DDCAF /* Enemy.swift in Sources */ = {isa = PBXBuildFile; fileRef = 79C4ABB91DF0BBBE006DDCAF /* Enemy.swift */; };
		79C4ABBE1DFDEE3A006DDCAF /* PhysicsEnabled.swift in Sources */ = {isa = PBXBuildFile; fileRef = 79C4ABBD1DFDEE3A006DDCAF /* PhysicsEnabled.swift */; };
		79C4ABC01DFDEF1B006DDCAF /* ContactDelegate.swift in Sources */ = {isa = PBXBuildFile; fileRef = 79C4ABBF1DFDEF1B006DDCAF /* ContactDelegate.swift */; };
		79C4ABC21DFDF536006DDCAF /* PhysicsEnabledGameObject.swift in Sources */ = {isa = PBXBuildFile; fileRef = 79C4ABC11DFDF536006DDCAF /* PhysicsEnabledGameObject.swift */; };
		79D2294E1DEF6339003F68F9 /* Bullet.swift in Sources */ = {isa = PBXBuildFile; fileRef = 79D2294D1DEF6339003F68F9 /* Bullet.swift */; };
		79DEC4721DD7BBF000A5BF16 /* AppDelegate.swift in Sources */ = {isa = PBXBuildFile; fileRef = 79DEC4711DD7BBF000A5BF16 /* AppDelegate.swift */; };
		79DEC4741DD7BBF000A5BF16 /* GameScene.sks in Resources */ = {isa = PBXBuildFile; fileRef = 79DEC4731DD7BBF000A5BF16 /* GameScene.sks */; };
		79DEC4761DD7BBF000A5BF16 /* Actions.sks in Resources */ = {isa = PBXBuildFile; fileRef = 79DEC4751DD7BBF000A5BF16 /* Actions.sks */; };
		79DEC4781DD7BBF000A5BF16 /* GameScene.swift in Sources */ = {isa = PBXBuildFile; fileRef = 79DEC4771DD7BBF000A5BF16 /* GameScene.swift */; };
		79DEC47A1DD7BBF000A5BF16 /* GameViewController.swift in Sources */ = {isa = PBXBuildFile; fileRef = 79DEC4791DD7BBF000A5BF16 /* GameViewController.swift */; };
		79DEC47D1DD7BBF000A5BF16 /* Main.storyboard in Resources */ = {isa = PBXBuildFile; fileRef = 79DEC47B1DD7BBF000A5BF16 /* Main.storyboard */; };
		79DEC47F1DD7BBF000A5BF16 /* Assets.xcassets in Resources */ = {isa = PBXBuildFile; fileRef = 79DEC47E1DD7BBF000A5BF16 /* Assets.xcassets */; };
		79DEC4821DD7BBF000A5BF16 /* LaunchScreen.storyboard in Resources */ = {isa = PBXBuildFile; fileRef = 79DEC4801DD7BBF000A5BF16 /* LaunchScreen.storyboard */; };
		79DEC48D1DD7BBF000A5BF16 /* MercuryTests.swift in Sources */ = {isa = PBXBuildFile; fileRef = 79DEC48C1DD7BBF000A5BF16 /* MercuryTests.swift */; };
		79DEC4981DD7BBF000A5BF16 /* MercuryUITests.swift in Sources */ = {isa = PBXBuildFile; fileRef = 79DEC4971DD7BBF000A5BF16 /* MercuryUITests.swift */; };
		79DFF9C91E37EBE600F50514 /* SwipePathAnimation.swift in Sources */ = {isa = PBXBuildFile; fileRef = 79DFF9C81E37EBE600F50514 /* SwipePathAnimation.swift */; };
		79DFF9CC1E37EFB400F50514 /* Event.swift in Sources */ = {isa = PBXBuildFile; fileRef = 79DFF9CB1E37EFB400F50514 /* Event.swift */; };
		79DFF9D01E37F5EA00F50514 /* EventAction.swift in Sources */ = {isa = PBXBuildFile; fileRef = 79DFF9CF1E37F5EA00F50514 /* EventAction.swift */; };
		79DFF9D21E37F74400F50514 /* EventStopCriteria.swift in Sources */ = {isa = PBXBuildFile; fileRef = 79DFF9D11E37F74400F50514 /* EventStopCriteria.swift */; };
/* End PBXBuildFile section */

/* Begin PBXContainerItemProxy section */
		79DEC4891DD7BBF000A5BF16 /* PBXContainerItemProxy */ = {
			isa = PBXContainerItemProxy;
			containerPortal = 79DEC4661DD7BBEF00A5BF16 /* Project object */;
			proxyType = 1;
			remoteGlobalIDString = 79DEC46D1DD7BBEF00A5BF16;
			remoteInfo = Mercury;
		};
		79DEC4941DD7BBF000A5BF16 /* PBXContainerItemProxy */ = {
			isa = PBXContainerItemProxy;
			containerPortal = 79DEC4661DD7BBEF00A5BF16 /* Project object */;
			proxyType = 1;
			remoteGlobalIDString = 79DEC46D1DD7BBEF00A5BF16;
			remoteInfo = Mercury;
		};
/* End PBXContainerItemProxy section */

/* Begin PBXFileReference section */
		79154F651E413ED300D9B71A /* GameState.swift */ = {isa = PBXFileReference; fileEncoding = 4; lastKnownFileType = sourcecode.swift; path = GameState.swift; sourceTree = "<group>"; };
		79154F671E41431600D9B71A /* GameStateListener.swift */ = {isa = PBXFileReference; fileEncoding = 4; lastKnownFileType = sourcecode.swift; path = GameStateListener.swift; sourceTree = "<group>"; };
		79154F691E41469100D9B71A /* SpawnEnemy.swift */ = {isa = PBXFileReference; fileEncoding = 4; lastKnownFileType = sourcecode.swift; path = SpawnEnemy.swift; sourceTree = "<group>"; };
		79154F6C1E4147ED00D9B71A /* NumberOfEnemiesSpawned.swift */ = {isa = PBXFileReference; fileEncoding = 4; lastKnownFileType = sourcecode.swift; path = NumberOfEnemiesSpawned.swift; sourceTree = "<group>"; };
		792DDE591E29649A00AED88E /* TestLevel.swift */ = {isa = PBXFileReference; fileEncoding = 4; lastKnownFileType = sourcecode.swift; path = TestLevel.swift; sourceTree = "<group>"; };
		793377D41E405BE100D4701C /* TimerEvent.swift */ = {isa = PBXFileReference; fileEncoding = 4; lastKnownFileType = sourcecode.swift; path = TimerEvent.swift; sourceTree = "<group>"; };
		793377D71E40633200D4701C /* DisplayText.swift */ = {isa = PBXFileReference; fileEncoding = 4; lastKnownFileType = sourcecode.swift; path = DisplayText.swift; sourceTree = "<group>"; };
		7960143A1DD8EB23004640E9 /* Player.swift */ = {isa = PBXFileReference; fileEncoding = 4; lastKnownFileType = sourcecode.swift; path = Player.swift; sourceTree = "<group>"; };
		7960143C1DD8EB5A004640E9 /* GameObject.swift */ = {isa = PBXFileReference; fileEncoding = 4; lastKnownFileType = sourcecode.swift; path = GameObject.swift; sourceTree = "<group>"; };
		7960143E1DD904B1004640E9 /* UserInteractive.swift */ = {isa = PBXFileReference; fileEncoding = 4; lastKnownFileType = sourcecode.swift; path = UserInteractive.swift; sourceTree = "<group>"; };
		796014401DD90684004640E9 /* UserInteractiveGameObject.swift */ = {isa = PBXFileReference; fileEncoding = 4; lastKnownFileType = sourcecode.swift; path = UserInteractiveGameObject.swift; sourceTree = "<group>"; };
		79B605E91E7499310090C791 /* ScreenTouchInfo.swift */ = {isa = PBXFileReference; fileEncoding = 4; lastKnownFileType = sourcecode.swift; path = ScreenTouchInfo.swift; sourceTree = "<group>"; };
		79C4ABB91DF0BBBE006DDCAF /* Enemy.swift */ = {isa = PBXFileReference; fileEncoding = 4; lastKnownFileType = sourcecode.swift; path = Enemy.swift; sourceTree = "<group>"; };
		79C4ABBD1DFDEE3A006DDCAF /* PhysicsEnabled.swift */ = {isa = PBXFileReference; fileEncoding = 4; lastKnownFileType = sourcecode.swift; path = PhysicsEnabled.swift; sourceTree = "<group>"; };
		79C4ABBF1DFDEF1B006DDCAF /* ContactDelegate.swift */ = {isa = PBXFileReference; fileEncoding = 4; lastKnownFileType = sourcecode.swift; path = ContactDelegate.swift; sourceTree = "<group>"; };
		79C4ABC11DFDF536006DDCAF /* PhysicsEnabledGameObject.swift */ = {isa = PBXFileReference; fileEncoding = 4; lastKnownFileType = sourcecode.swift; path = PhysicsEnabledGameObject.swift; sourceTree = "<group>"; };
		79D2294D1DEF6339003F68F9 /* Bullet.swift */ = {isa = PBXFileReference; fileEncoding = 4; lastKnownFileType = sourcecode.swift; path = Bullet.swift; sourceTree = "<group>"; };
		79DEC46E1DD7BBF000A5BF16 /* Mercury.app */ = {isa = PBXFileReference; explicitFileType = wrapper.application; includeInIndex = 0; path = Mercury.app; sourceTree = BUILT_PRODUCTS_DIR; };
		79DEC4711DD7BBF000A5BF16 /* AppDelegate.swift */ = {isa = PBXFileReference; lastKnownFileType = sourcecode.swift; path = AppDelegate.swift; sourceTree = "<group>"; usesTabs = 0; };
		79DEC4731DD7BBF000A5BF16 /* GameScene.sks */ = {isa = PBXFileReference; lastKnownFileType = file.sks; path = GameScene.sks; sourceTree = "<group>"; };
		79DEC4751DD7BBF000A5BF16 /* Actions.sks */ = {isa = PBXFileReference; lastKnownFileType = file.sks; path = Actions.sks; sourceTree = "<group>"; };
		79DEC4771DD7BBF000A5BF16 /* GameScene.swift */ = {isa = PBXFileReference; lastKnownFileType = sourcecode.swift; path = GameScene.swift; sourceTree = "<group>"; };
		79DEC4791DD7BBF000A5BF16 /* GameViewController.swift */ = {isa = PBXFileReference; lastKnownFileType = sourcecode.swift; path = GameViewController.swift; sourceTree = "<group>"; };
		79DEC47C1DD7BBF000A5BF16 /* Base */ = {isa = PBXFileReference; lastKnownFileType = file.storyboard; name = Base; path = Base.lproj/Main.storyboard; sourceTree = "<group>"; };
		79DEC47E1DD7BBF000A5BF16 /* Assets.xcassets */ = {isa = PBXFileReference; lastKnownFileType = folder.assetcatalog; path = Assets.xcassets; sourceTree = "<group>"; };
		79DEC4811DD7BBF000A5BF16 /* Base */ = {isa = PBXFileReference; lastKnownFileType = file.storyboard; name = Base; path = Base.lproj/LaunchScreen.storyboard; sourceTree = "<group>"; };
		79DEC4831DD7BBF000A5BF16 /* Info.plist */ = {isa = PBXFileReference; lastKnownFileType = text.plist.xml; path = Info.plist; sourceTree = "<group>"; };
		79DEC4881DD7BBF000A5BF16 /* MercuryTests.xctest */ = {isa = PBXFileReference; explicitFileType = wrapper.cfbundle; includeInIndex = 0; path = MercuryTests.xctest; sourceTree = BUILT_PRODUCTS_DIR; };
		79DEC48C1DD7BBF000A5BF16 /* MercuryTests.swift */ = {isa = PBXFileReference; lastKnownFileType = sourcecode.swift; path = MercuryTests.swift; sourceTree = "<group>"; };
		79DEC48E1DD7BBF000A5BF16 /* Info.plist */ = {isa = PBXFileReference; lastKnownFileType = text.plist.xml; path = Info.plist; sourceTree = "<group>"; };
		79DEC4931DD7BBF000A5BF16 /* MercuryUITests.xctest */ = {isa = PBXFileReference; explicitFileType = wrapper.cfbundle; includeInIndex = 0; path = MercuryUITests.xctest; sourceTree = BUILT_PRODUCTS_DIR; };
		79DEC4971DD7BBF000A5BF16 /* MercuryUITests.swift */ = {isa = PBXFileReference; lastKnownFileType = sourcecode.swift; path = MercuryUITests.swift; sourceTree = "<group>"; };
		79DEC4991DD7BBF000A5BF16 /* Info.plist */ = {isa = PBXFileReference; lastKnownFileType = text.plist.xml; path = Info.plist; sourceTree = "<group>"; };
		79DFF9C81E37EBE600F50514 /* SwipePathAnimation.swift */ = {isa = PBXFileReference; fileEncoding = 4; lastKnownFileType = sourcecode.swift; path = SwipePathAnimation.swift; sourceTree = "<group>"; };
		79DFF9CB1E37EFB400F50514 /* Event.swift */ = {isa = PBXFileReference; fileEncoding = 4; lastKnownFileType = sourcecode.swift; path = Event.swift; sourceTree = "<group>"; };
		79DFF9CF1E37F5EA00F50514 /* EventAction.swift */ = {isa = PBXFileReference; fileEncoding = 4; lastKnownFileType = sourcecode.swift; path = EventAction.swift; sourceTree = "<group>"; };
		79DFF9D11E37F74400F50514 /* EventStopCriteria.swift */ = {isa = PBXFileReference; fileEncoding = 4; lastKnownFileType = sourcecode.swift; path = EventStopCriteria.swift; sourceTree = "<group>"; };
/* End PBXFileReference section */

/* Begin PBXFrameworksBuildPhase section */
		79DEC46B1DD7BBEF00A5BF16 /* Frameworks */ = {
			isa = PBXFrameworksBuildPhase;
			buildActionMask = 2147483647;
			files = (
			);
			runOnlyForDeploymentPostprocessing = 0;
		};
		79DEC4851DD7BBF000A5BF16 /* Frameworks */ = {
			isa = PBXFrameworksBuildPhase;
			buildActionMask = 2147483647;
			files = (
			);
			runOnlyForDeploymentPostprocessing = 0;
		};
		79DEC4901DD7BBF000A5BF16 /* Frameworks */ = {
			isa = PBXFrameworksBuildPhase;
			buildActionMask = 2147483647;
			files = (
			);
			runOnlyForDeploymentPostprocessing = 0;
		};
/* End PBXFrameworksBuildPhase section */

/* Begin PBXGroup section */
		7906C4621DDD142000187846 /* Levels */ = {
			isa = PBXGroup;
			children = (
				792DDE591E29649A00AED88E /* TestLevel.swift */,
				793377D31E405BA800D4701C /* Level Events */,
				793377D61E40631B00D4701C /* Level EventActions */,
			);
			name = Levels;
			sourceTree = "<group>";
		};
		793377D31E405BA800D4701C /* Level Events */ = {
			isa = PBXGroup;
			children = (
				793377D41E405BE100D4701C /* TimerEvent.swift */,
				79154F6C1E4147ED00D9B71A /* NumberOfEnemiesSpawned.swift */,
			);
			name = "Level Events";
			sourceTree = "<group>";
		};
		793377D61E40631B00D4701C /* Level EventActions */ = {
			isa = PBXGroup;
			children = (
				793377D71E40633200D4701C /* DisplayText.swift */,
				79154F691E41469100D9B71A /* SpawnEnemy.swift */,
			);
			name = "Level EventActions";
			sourceTree = "<group>";
		};
		79381B851E341A15006EC04C /* GameObject Protocols */ = {
			isa = PBXGroup;
			children = (
				79C4ABBD1DFDEE3A006DDCAF /* PhysicsEnabled.swift */,
				7960143E1DD904B1004640E9 /* UserInteractive.swift */,
			);
			name = "GameObject Protocols";
			sourceTree = "<group>";
		};
		796014391DD8EAFD004640E9 /* Game */ = {
			isa = PBXGroup;
			children = (
				79154F651E413ED300D9B71A /* GameState.swift */,
				79154F671E41431600D9B71A /* GameStateListener.swift */,
				7960143C1DD8EB5A004640E9 /* GameObject.swift */,
				79B605E91E7499310090C791 /* ScreenTouchInfo.swift */,
				79381B851E341A15006EC04C /* GameObject Protocols */,
				79C4ABC11DFDF536006DDCAF /* PhysicsEnabledGameObject.swift */,
				796014401DD90684004640E9 /* UserInteractiveGameObject.swift */,
				79D2294F1DEF6369003F68F9 /* Game Objects */,
				79C4ABBF1DFDEF1B006DDCAF /* ContactDelegate.swift */,
			);
			name = Game;
			sourceTree = "<group>";
		};
		79D2294F1DEF6369003F68F9 /* Game Objects */ = {
			isa = PBXGroup;
			children = (
				7960143A1DD8EB23004640E9 /* Player.swift */,
				79C4ABB91DF0BBBE006DDCAF /* Enemy.swift */,
				79D2294D1DEF6339003F68F9 /* Bullet.swift */,
			);
			name = "Game Objects";
			sourceTree = "<group>";
		};
		79DEC4651DD7BBEF00A5BF16 = {
			isa = PBXGroup;
			children = (
				79DEC4701DD7BBF000A5BF16 /* Mercury */,
				79DEC48B1DD7BBF000A5BF16 /* MercuryTests */,
				79DEC4961DD7BBF000A5BF16 /* MercuryUITests */,
				79DEC46F1DD7BBF000A5BF16 /* Products */,
			);
			sourceTree = "<group>";
		};
		79DEC46F1DD7BBF000A5BF16 /* Products */ = {
			isa = PBXGroup;
			children = (
				79DEC46E1DD7BBF000A5BF16 /* Mercury.app */,
				79DEC4881DD7BBF000A5BF16 /* MercuryTests.xctest */,
				79DEC4931DD7BBF000A5BF16 /* MercuryUITests.xctest */,
			);
			name = Products;
			sourceTree = "<group>";
		};
		79DEC4701DD7BBF000A5BF16 /* Mercury */ = {
			isa = PBXGroup;
			children = (
				79DFF9C71E37EBCC00F50514 /* Animations */,
				7906C4621DDD142000187846 /* Levels */,
				79DFF9CA1E37EF3B00F50514 /* Events */,
				796014391DD8EAFD004640E9 /* Game */,
				79DEC4771DD7BBF000A5BF16 /* GameScene.swift */,
				79DEC4711DD7BBF000A5BF16 /* AppDelegate.swift */,
				79DEC4791DD7BBF000A5BF16 /* GameViewController.swift */,
				79DEC4731DD7BBF000A5BF16 /* GameScene.sks */,
				79DEC4751DD7BBF000A5BF16 /* Actions.sks */,
				79DEC47B1DD7BBF000A5BF16 /* Main.storyboard */,
				79DEC47E1DD7BBF000A5BF16 /* Assets.xcassets */,
				79DEC4801DD7BBF000A5BF16 /* LaunchScreen.storyboard */,
				79DEC4831DD7BBF000A5BF16 /* Info.plist */,
			);
			path = Mercury;
			sourceTree = "<group>";
		};
		79DEC48B1DD7BBF000A5BF16 /* MercuryTests */ = {
			isa = PBXGroup;
			children = (
				79DEC48C1DD7BBF000A5BF16 /* MercuryTests.swift */,
				79DEC48E1DD7BBF000A5BF16 /* Info.plist */,
			);
			path = MercuryTests;
			sourceTree = "<group>";
		};
		79DEC4961DD7BBF000A5BF16 /* MercuryUITests */ = {
			isa = PBXGroup;
			children = (
				79DEC4971DD7BBF000A5BF16 /* MercuryUITests.swift */,
				79DEC4991DD7BBF000A5BF16 /* Info.plist */,
			);
			path = MercuryUITests;
			sourceTree = "<group>";
		};
		79DFF9C71E37EBCC00F50514 /* Animations */ = {
			isa = PBXGroup;
			children = (
				79DFF9C81E37EBE600F50514 /* SwipePathAnimation.swift */,
			);
			name = Animations;
			sourceTree = "<group>";
		};
		79DFF9CA1E37EF3B00F50514 /* Events */ = {
			isa = PBXGroup;
			children = (
				79DFF9CB1E37EFB400F50514 /* Event.swift */,
				79DFF9CF1E37F5EA00F50514 /* EventAction.swift */,
				79DFF9D11E37F74400F50514 /* EventStopCriteria.swift */,
			);
			name = Events;
			sourceTree = "<group>";
		};
/* End PBXGroup section */

/* Begin PBXNativeTarget section */
		79DEC46D1DD7BBEF00A5BF16 /* Mercury */ = {
			isa = PBXNativeTarget;
			buildConfigurationList = 79DEC49C1DD7BBF000A5BF16 /* Build configuration list for PBXNativeTarget "Mercury" */;
			buildPhases = (
				79DEC46A1DD7BBEF00A5BF16 /* Sources */,
				79DEC46B1DD7BBEF00A5BF16 /* Frameworks */,
				79DEC46C1DD7BBEF00A5BF16 /* Resources */,
			);
			buildRules = (
			);
			dependencies = (
			);
			name = Mercury;
			productName = Mercury;
			productReference = 79DEC46E1DD7BBF000A5BF16 /* Mercury.app */;
			productType = "com.apple.product-type.application";
		};
		79DEC4871DD7BBF000A5BF16 /* MercuryTests */ = {
			isa = PBXNativeTarget;
			buildConfigurationList = 79DEC49F1DD7BBF000A5BF16 /* Build configuration list for PBXNativeTarget "MercuryTests" */;
			buildPhases = (
				79DEC4841DD7BBF000A5BF16 /* Sources */,
				79DEC4851DD7BBF000A5BF16 /* Frameworks */,
				79DEC4861DD7BBF000A5BF16 /* Resources */,
			);
			buildRules = (
			);
			dependencies = (
				79DEC48A1DD7BBF000A5BF16 /* PBXTargetDependency */,
			);
			name = MercuryTests;
			productName = MercuryTests;
			productReference = 79DEC4881DD7BBF000A5BF16 /* MercuryTests.xctest */;
			productType = "com.apple.product-type.bundle.unit-test";
		};
		79DEC4921DD7BBF000A5BF16 /* MercuryUITests */ = {
			isa = PBXNativeTarget;
			buildConfigurationList = 79DEC4A21DD7BBF000A5BF16 /* Build configuration list for PBXNativeTarget "MercuryUITests" */;
			buildPhases = (
				79DEC48F1DD7BBF000A5BF16 /* Sources */,
				79DEC4901DD7BBF000A5BF16 /* Frameworks */,
				79DEC4911DD7BBF000A5BF16 /* Resources */,
			);
			buildRules = (
			);
			dependencies = (
				79DEC4951DD7BBF000A5BF16 /* PBXTargetDependency */,
			);
			name = MercuryUITests;
			productName = MercuryUITests;
			productReference = 79DEC4931DD7BBF000A5BF16 /* MercuryUITests.xctest */;
			productType = "com.apple.product-type.bundle.ui-testing";
		};
/* End PBXNativeTarget section */

/* Begin PBXProject section */
		79DEC4661DD7BBEF00A5BF16 /* Project object */ = {
			isa = PBXProject;
			attributes = {
				LastSwiftUpdateCheck = 0810;
				LastUpgradeCheck = 0820;
				ORGANIZATIONNAME = "Richard Teammco";
				TargetAttributes = {
					79DEC46D1DD7BBEF00A5BF16 = {
						CreatedOnToolsVersion = 8.1;
						ProvisioningStyle = Automatic;
					};
					79DEC4871DD7BBF000A5BF16 = {
						CreatedOnToolsVersion = 8.1;
						ProvisioningStyle = Automatic;
						TestTargetID = 79DEC46D1DD7BBEF00A5BF16;
					};
					79DEC4921DD7BBF000A5BF16 = {
						CreatedOnToolsVersion = 8.1;
						ProvisioningStyle = Automatic;
						TestTargetID = 79DEC46D1DD7BBEF00A5BF16;
					};
				};
			};
			buildConfigurationList = 79DEC4691DD7BBEF00A5BF16 /* Build configuration list for PBXProject "Mercury" */;
			compatibilityVersion = "Xcode 3.2";
			developmentRegion = English;
			hasScannedForEncodings = 0;
			knownRegions = (
				en,
				Base,
			);
			mainGroup = 79DEC4651DD7BBEF00A5BF16;
			productRefGroup = 79DEC46F1DD7BBF000A5BF16 /* Products */;
			projectDirPath = "";
			projectRoot = "";
			targets = (
				79DEC46D1DD7BBEF00A5BF16 /* Mercury */,
				79DEC4871DD7BBF000A5BF16 /* MercuryTests */,
				79DEC4921DD7BBF000A5BF16 /* MercuryUITests */,
			);
		};
/* End PBXProject section */

/* Begin PBXResourcesBuildPhase section */
		79DEC46C1DD7BBEF00A5BF16 /* Resources */ = {
			isa = PBXResourcesBuildPhase;
			buildActionMask = 2147483647;
			files = (
				79DEC47D1DD7BBF000A5BF16 /* Main.storyboard in Resources */,
				79DEC4741DD7BBF000A5BF16 /* GameScene.sks in Resources */,
				79DEC47F1DD7BBF000A5BF16 /* Assets.xcassets in Resources */,
				79DEC4821DD7BBF000A5BF16 /* LaunchScreen.storyboard in Resources */,
				79DEC4761DD7BBF000A5BF16 /* Actions.sks in Resources */,
			);
			runOnlyForDeploymentPostprocessing = 0;
		};
		79DEC4861DD7BBF000A5BF16 /* Resources */ = {
			isa = PBXResourcesBuildPhase;
			buildActionMask = 2147483647;
			files = (
			);
			runOnlyForDeploymentPostprocessing = 0;
		};
		79DEC4911DD7BBF000A5BF16 /* Resources */ = {
			isa = PBXResourcesBuildPhase;
			buildActionMask = 2147483647;
			files = (
			);
			runOnlyForDeploymentPostprocessing = 0;
		};
/* End PBXResourcesBuildPhase section */

/* Begin PBXSourcesBuildPhase section */
		79DEC46A1DD7BBEF00A5BF16 /* Sources */ = {
			isa = PBXSourcesBuildPhase;
			buildActionMask = 2147483647;
			files = (
				79154F661E413ED300D9B71A /* GameState.swift in Sources */,
				7960143B1DD8EB23004640E9 /* Player.swift in Sources */,
				79DFF9C91E37EBE600F50514 /* SwipePathAnimation.swift in Sources */,
				793377D81E40633200D4701C /* DisplayText.swift in Sources */,
				79DEC4781DD7BBF000A5BF16 /* GameScene.swift in Sources */,
				79DEC47A1DD7BBF000A5BF16 /* GameViewController.swift in Sources */,
				793377D51E405BE100D4701C /* TimerEvent.swift in Sources */,
				79DFF9CC1E37EFB400F50514 /* Event.swift in Sources */,
				79154F681E41431600D9B71A /* GameStateListener.swift in Sources */,
				7960143F1DD904B1004640E9 /* UserInteractive.swift in Sources */,
				79154F6A1E41469100D9B71A /* SpawnEnemy.swift in Sources */,
				79C4ABC01DFDEF1B006DDCAF /* ContactDelegate.swift in Sources */,
				79DEC4721DD7BBF000A5BF16 /* AppDelegate.swift in Sources */,
				79B605EA1E7499310090C791 /* ScreenTouchInfo.swift in Sources */,
				79C4ABC21DFDF536006DDCAF /* PhysicsEnabledGameObject.swift in Sources */,
				7960143D1DD8EB5A004640E9 /* GameObject.swift in Sources */,
				79C4ABBA1DF0BBBE006DDCAF /* Enemy.swift in Sources */,
				79C4ABBE1DFDEE3A006DDCAF /* PhysicsEnabled.swift in Sources */,
				79DFF9D01E37F5EA00F50514 /* EventAction.swift in Sources */,
				796014411DD90684004640E9 /* UserInteractiveGameObject.swift in Sources */,
				792DDE5A1E29649A00AED88E /* TestLevel.swift in Sources */,
				79154F6D1E4147ED00D9B71A /* NumberOfEnemiesSpawned.swift in Sources */,
				79D2294E1DEF6339003F68F9 /* Bullet.swift in Sources */,
				79DFF9D21E37F74400F50514 /* EventStopCriteria.swift in Sources */,
			);
			runOnlyForDeploymentPostprocessing = 0;
		};
		79DEC4841DD7BBF000A5BF16 /* Sources */ = {
			isa = PBXSourcesBuildPhase;
			buildActionMask = 2147483647;
			files = (
				79DEC48D1DD7BBF000A5BF16 /* MercuryTests.swift in Sources */,
			);
			runOnlyForDeploymentPostprocessing = 0;
		};
		79DEC48F1DD7BBF000A5BF16 /* Sources */ = {
			isa = PBXSourcesBuildPhase;
			buildActionMask = 2147483647;
			files = (
				79DEC4981DD7BBF000A5BF16 /* MercuryUITests.swift in Sources */,
			);
			runOnlyForDeploymentPostprocessing = 0;
		};
/* End PBXSourcesBuildPhase section */

/* Begin PBXTargetDependency section */
		79DEC48A1DD7BBF000A5BF16 /* PBXTargetDependency */ = {
			isa = PBXTargetDependency;
			target = 79DEC46D1DD7BBEF00A5BF16 /* Mercury */;
			targetProxy = 79DEC4891DD7BBF000A5BF16 /* PBXContainerItemProxy */;
		};
		79DEC4951DD7BBF000A5BF16 /* PBXTargetDependency */ = {
			isa = PBXTargetDependency;
			target = 79DEC46D1DD7BBEF00A5BF16 /* Mercury */;
			targetProxy = 79DEC4941DD7BBF000A5BF16 /* PBXContainerItemProxy */;
		};
/* End PBXTargetDependency section */

/* Begin PBXVariantGroup section */
		79DEC47B1DD7BBF000A5BF16 /* Main.storyboard */ = {
			isa = PBXVariantGroup;
			children = (
				79DEC47C1DD7BBF000A5BF16 /* Base */,
			);
			name = Main.storyboard;
			sourceTree = "<group>";
		};
		79DEC4801DD7BBF000A5BF16 /* LaunchScreen.storyboard */ = {
			isa = PBXVariantGroup;
			children = (
				79DEC4811DD7BBF000A5BF16 /* Base */,
			);
			name = LaunchScreen.storyboard;
			sourceTree = "<group>";
		};
/* End PBXVariantGroup section */

/* Begin XCBuildConfiguration section */
		79DEC49A1DD7BBF000A5BF16 /* Debug */ = {
			isa = XCBuildConfiguration;
			buildSettings = {
				ALWAYS_SEARCH_USER_PATHS = NO;
				CLANG_ANALYZER_NONNULL = YES;
				CLANG_CXX_LANGUAGE_STANDARD = "gnu++0x";
				CLANG_CXX_LIBRARY = "libc++";
				CLANG_ENABLE_MODULES = YES;
				CLANG_ENABLE_OBJC_ARC = YES;
				CLANG_WARN_BOOL_CONVERSION = YES;
				CLANG_WARN_CONSTANT_CONVERSION = YES;
				CLANG_WARN_DIRECT_OBJC_ISA_USAGE = YES_ERROR;
				CLANG_WARN_DOCUMENTATION_COMMENTS = YES;
				CLANG_WARN_EMPTY_BODY = YES;
				CLANG_WARN_ENUM_CONVERSION = YES;
				CLANG_WARN_INFINITE_RECURSION = YES;
				CLANG_WARN_INT_CONVERSION = YES;
				CLANG_WARN_OBJC_ROOT_CLASS = YES_ERROR;
				CLANG_WARN_SUSPICIOUS_MOVE = YES;
				CLANG_WARN_SUSPICIOUS_MOVES = YES;
				CLANG_WARN_UNREACHABLE_CODE = YES;
				CLANG_WARN__DUPLICATE_METHOD_MATCH = YES;
				"CODE_SIGN_IDENTITY[sdk=iphoneos*]" = "iPhone Developer";
				COPY_PHASE_STRIP = NO;
				DEBUG_INFORMATION_FORMAT = dwarf;
				ENABLE_STRICT_OBJC_MSGSEND = YES;
				ENABLE_TESTABILITY = YES;
				GCC_C_LANGUAGE_STANDARD = gnu99;
				GCC_DYNAMIC_NO_PIC = NO;
				GCC_NO_COMMON_BLOCKS = YES;
				GCC_OPTIMIZATION_LEVEL = 0;
				GCC_PREPROCESSOR_DEFINITIONS = (
					"DEBUG=1",
					"$(inherited)",
				);
				GCC_WARN_64_TO_32_BIT_CONVERSION = YES;
				GCC_WARN_ABOUT_RETURN_TYPE = YES_ERROR;
				GCC_WARN_UNDECLARED_SELECTOR = YES;
				GCC_WARN_UNINITIALIZED_AUTOS = YES_AGGRESSIVE;
				GCC_WARN_UNUSED_FUNCTION = YES;
				GCC_WARN_UNUSED_VARIABLE = YES;
				IPHONEOS_DEPLOYMENT_TARGET = 10.1;
				MTL_ENABLE_DEBUG_INFO = YES;
				ONLY_ACTIVE_ARCH = YES;
				SDKROOT = iphoneos;
				SWIFT_ACTIVE_COMPILATION_CONDITIONS = DEBUG;
				SWIFT_OPTIMIZATION_LEVEL = "-Onone";
			};
			name = Debug;
		};
		79DEC49B1DD7BBF000A5BF16 /* Release */ = {
			isa = XCBuildConfiguration;
			buildSettings = {
				ALWAYS_SEARCH_USER_PATHS = NO;
				CLANG_ANALYZER_NONNULL = YES;
				CLANG_CXX_LANGUAGE_STANDARD = "gnu++0x";
				CLANG_CXX_LIBRARY = "libc++";
				CLANG_ENABLE_MODULES = YES;
				CLANG_ENABLE_OBJC_ARC = YES;
				CLANG_WARN_BOOL_CONVERSION = YES;
				CLANG_WARN_CONSTANT_CONVERSION = YES;
				CLANG_WARN_DIRECT_OBJC_ISA_USAGE = YES_ERROR;
				CLANG_WARN_DOCUMENTATION_COMMENTS = YES;
				CLANG_WARN_EMPTY_BODY = YES;
				CLANG_WARN_ENUM_CONVERSION = YES;
				CLANG_WARN_INFINITE_RECURSION = YES;
				CLANG_WARN_INT_CONVERSION = YES;
				CLANG_WARN_OBJC_ROOT_CLASS = YES_ERROR;
				CLANG_WARN_SUSPICIOUS_MOVE = YES;
				CLANG_WARN_SUSPICIOUS_MOVES = YES;
				CLANG_WARN_UNREACHABLE_CODE = YES;
				CLANG_WARN__DUPLICATE_METHOD_MATCH = YES;
				"CODE_SIGN_IDENTITY[sdk=iphoneos*]" = "iPhone Developer";
				COPY_PHASE_STRIP = NO;
				DEBUG_INFORMATION_FORMAT = "dwarf-with-dsym";
				ENABLE_NS_ASSERTIONS = NO;
				ENABLE_STRICT_OBJC_MSGSEND = YES;
				GCC_C_LANGUAGE_STANDARD = gnu99;
				GCC_NO_COMMON_BLOCKS = YES;
				GCC_WARN_64_TO_32_BIT_CONVERSION = YES;
				GCC_WARN_ABOUT_RETURN_TYPE = YES_ERROR;
				GCC_WARN_UNDECLARED_SELECTOR = YES;
				GCC_WARN_UNINITIALIZED_AUTOS = YES_AGGRESSIVE;
				GCC_WARN_UNUSED_FUNCTION = YES;
				GCC_WARN_UNUSED_VARIABLE = YES;
				IPHONEOS_DEPLOYMENT_TARGET = 10.1;
				MTL_ENABLE_DEBUG_INFO = NO;
				SDKROOT = iphoneos;
				SWIFT_OPTIMIZATION_LEVEL = "-Owholemodule";
				VALIDATE_PRODUCT = YES;
			};
			name = Release;
		};
		79DEC49D1DD7BBF000A5BF16 /* Debug */ = {
			isa = XCBuildConfiguration;
			buildSettings = {
				ASSETCATALOG_COMPILER_APPICON_NAME = AppIcon;
				INFOPLIST_FILE = Mercury/Info.plist;
				LD_RUNPATH_SEARCH_PATHS = "$(inherited) @executable_path/Frameworks";
				PRODUCT_BUNDLE_IDENTIFIER = "Richard-Teammco.Mercury";
				PRODUCT_NAME = "$(TARGET_NAME)";
				SWIFT_VERSION = 3.0;
			};
			name = Debug;
		};
		79DEC49E1DD7BBF000A5BF16 /* Release */ = {
			isa = XCBuildConfiguration;
			buildSettings = {
				ASSETCATALOG_COMPILER_APPICON_NAME = AppIcon;
				INFOPLIST_FILE = Mercury/Info.plist;
				LD_RUNPATH_SEARCH_PATHS = "$(inherited) @executable_path/Frameworks";
				PRODUCT_BUNDLE_IDENTIFIER = "Richard-Teammco.Mercury";
				PRODUCT_NAME = "$(TARGET_NAME)";
				SWIFT_VERSION = 3.0;
			};
			name = Release;
		};
		79DEC4A01DD7BBF000A5BF16 /* Debug */ = {
			isa = XCBuildConfiguration;
			buildSettings = {
				ALWAYS_EMBED_SWIFT_STANDARD_LIBRARIES = YES;
				BUNDLE_LOADER = "$(TEST_HOST)";
				INFOPLIST_FILE = MercuryTests/Info.plist;
				LD_RUNPATH_SEARCH_PATHS = "$(inherited) @executable_path/Frameworks @loader_path/Frameworks";
				PRODUCT_BUNDLE_IDENTIFIER = "Richard-Teammco.MercuryTests";
				PRODUCT_NAME = "$(TARGET_NAME)";
				SWIFT_VERSION = 3.0;
				TEST_HOST = "$(BUILT_PRODUCTS_DIR)/Mercury.app/Mercury";
			};
			name = Debug;
		};
		79DEC4A11DD7BBF000A5BF16 /* Release */ = {
			isa = XCBuildConfiguration;
			buildSettings = {
				ALWAYS_EMBED_SWIFT_STANDARD_LIBRARIES = YES;
				BUNDLE_LOADER = "$(TEST_HOST)";
				INFOPLIST_FILE = MercuryTests/Info.plist;
				LD_RUNPATH_SEARCH_PATHS = "$(inherited) @executable_path/Frameworks @loader_path/Frameworks";
				PRODUCT_BUNDLE_IDENTIFIER = "Richard-Teammco.MercuryTests";
				PRODUCT_NAME = "$(TARGET_NAME)";
				SWIFT_VERSION = 3.0;
				TEST_HOST = "$(BUILT_PRODUCTS_DIR)/Mercury.app/Mercury";
			};
			name = Release;
		};
		79DEC4A31DD7BBF000A5BF16 /* Debug */ = {
			isa = XCBuildConfiguration;
			buildSettings = {
				ALWAYS_EMBED_SWIFT_STANDARD_LIBRARIES = YES;
				INFOPLIST_FILE = MercuryUITests/Info.plist;
				LD_RUNPATH_SEARCH_PATHS = "$(inherited) @executable_path/Frameworks @loader_path/Frameworks";
				PRODUCT_BUNDLE_IDENTIFIER = "Richard-Teammco.MercuryUITests";
				PRODUCT_NAME = "$(TARGET_NAME)";
				SWIFT_VERSION = 3.0;
				TEST_TARGET_NAME = Mercury;
			};
			name = Debug;
		};
		79DEC4A41DD7BBF000A5BF16 /* Release */ = {
			isa = XCBuildConfiguration;
			buildSettings = {
				ALWAYS_EMBED_SWIFT_STANDARD_LIBRARIES = YES;
				INFOPLIST_FILE = MercuryUITests/Info.plist;
				LD_RUNPATH_SEARCH_PATHS = "$(inherited) @executable_path/Frameworks @loader_path/Frameworks";
				PRODUCT_BUNDLE_IDENTIFIER = "Richard-Teammco.MercuryUITests";
				PRODUCT_NAME = "$(TARGET_NAME)";
				SWIFT_VERSION = 3.0;
				TEST_TARGET_NAME = Mercury;
			};
			name = Release;
		};
/* End XCBuildConfiguration section */

/* Begin XCConfigurationList section */
		79DEC4691DD7BBEF00A5BF16 /* Build configuration list for PBXProject "Mercury" */ = {
			isa = XCConfigurationList;
			buildConfigurations = (
				79DEC49A1DD7BBF000A5BF16 /* Debug */,
				79DEC49B1DD7BBF000A5BF16 /* Release */,
			);
			defaultConfigurationIsVisible = 0;
			defaultConfigurationName = Release;
		};
		79DEC49C1DD7BBF000A5BF16 /* Build configuration list for PBXNativeTarget "Mercury" */ = {
			isa = XCConfigurationList;
			buildConfigurations = (
				79DEC49D1DD7BBF000A5BF16 /* Debug */,
				79DEC49E1DD7BBF000A5BF16 /* Release */,
			);
			defaultConfigurationIsVisible = 0;
			defaultConfigurationName = Release;
		};
		79DEC49F1DD7BBF000A5BF16 /* Build configuration list for PBXNativeTarget "MercuryTests" */ = {
			isa = XCConfigurationList;
			buildConfigurations = (
				79DEC4A01DD7BBF000A5BF16 /* Debug */,
				79DEC4A11DD7BBF000A5BF16 /* Release */,
			);
			defaultConfigurationIsVisible = 0;
			defaultConfigurationName = Release;
		};
		79DEC4A21DD7BBF000A5BF16 /* Build configuration list for PBXNativeTarget "MercuryUITests" */ = {
			isa = XCConfigurationList;
			buildConfigurations = (
				79DEC4A31DD7BBF000A5BF16 /* Debug */,
				79DEC4A41DD7BBF000A5BF16 /* Release */,
			);
			defaultConfigurationIsVisible = 0;
			defaultConfigurationName = Release;
		};
/* End XCConfigurationList section */
	};
	rootObject = 79DEC4661DD7BBEF00A5BF16 /* Project object */;
}
